// !$*UTF8*$!
{
	archiveVersion = 1;
	classes = {
	};
	objectVersion = 50;
	objects = {

/* Begin PBXBuildFile section */
		411965EA250E63B1006F6D00 /* AppDelegate.swift in Sources */ = {isa = PBXBuildFile; fileRef = 411965E9250E63B1006F6D00 /* AppDelegate.swift */; };
		411965EC250E63B1006F6D00 /* SceneDelegate.swift in Sources */ = {isa = PBXBuildFile; fileRef = 411965EB250E63B1006F6D00 /* SceneDelegate.swift */; };
		411965EE250E63B1006F6D00 /* ContentView.swift in Sources */ = {isa = PBXBuildFile; fileRef = 411965ED250E63B1006F6D00 /* ContentView.swift */; };
		411965F0250E63B4006F6D00 /* Assets.xcassets in Resources */ = {isa = PBXBuildFile; fileRef = 411965EF250E63B4006F6D00 /* Assets.xcassets */; };
		411965F3250E63B4006F6D00 /* Preview Assets.xcassets in Resources */ = {isa = PBXBuildFile; fileRef = 411965F2250E63B4006F6D00 /* Preview Assets.xcassets */; };
		411965F6250E63B4006F6D00 /* LaunchScreen.storyboard in Resources */ = {isa = PBXBuildFile; fileRef = 411965F4250E63B4006F6D00 /* LaunchScreen.storyboard */; };
		41196601250F4097006F6D00 /* Array+Extensions.swift in Sources */ = {isa = PBXBuildFile; fileRef = 41196600250F4097006F6D00 /* Array+Extensions.swift */; };
/* End PBXBuildFile section */

/* Begin PBXFileReference section */
		411965E6250E63B1006F6D00 /* GridSwiftUI.app */ = {isa = PBXFileReference; explicitFileType = wrapper.application; includeInIndex = 0; path = GridSwiftUI.app; sourceTree = BUILT_PRODUCTS_DIR; };
		411965E9250E63B1006F6D00 /* AppDelegate.swift */ = {isa = PBXFileReference; lastKnownFileType = sourcecode.swift; path = AppDelegate.swift; sourceTree = "<group>"; };
		411965EB250E63B1006F6D00 /* SceneDelegate.swift */ = {isa = PBXFileReference; lastKnownFileType = sourcecode.swift; path = SceneDelegate.swift; sourceTree = "<group>"; };
		411965ED250E63B1006F6D00 /* ContentView.swift */ = {isa = PBXFileReference; lastKnownFileType = sourcecode.swift; path = ContentView.swift; sourceTree = "<group>"; };
		411965EF250E63B4006F6D00 /* Assets.xcassets */ = {isa = PBXFileReference; lastKnownFileType = folder.assetcatalog; path = Assets.xcassets; sourceTree = "<group>"; };
		411965F2250E63B4006F6D00 /* Preview Assets.xcassets */ = {isa = PBXFileReference; lastKnownFileType = folder.assetcatalog; path = "Preview Assets.xcassets"; sourceTree = "<group>"; };
		411965F5250E63B4006F6D00 /* Base */ = {isa = PBXFileReference; lastKnownFileType = file.storyboard; name = Base; path = Base.lproj/LaunchScreen.storyboard; sourceTree = "<group>"; };
		411965F7250E63B4006F6D00 /* Info.plist */ = {isa = PBXFileReference; lastKnownFileType = text.plist.xml; path = Info.plist; sourceTree = "<group>"; };
		41196600250F4097006F6D00 /* Array+Extensions.swift */ = {isa = PBXFileReference; lastKnownFileType = sourcecode.swift; path = "Array+Extensions.swift"; sourceTree = "<group>"; };
/* End PBXFileReference section */

/* Begin PBXFrameworksBuildPhase section */
		411965E3250E63B1006F6D00 /* Frameworks */ = {
			isa = PBXFrameworksBuildPhase;
			buildActionMask = 2147483647;
			files = (
			);
			runOnlyForDeploymentPostprocessing = 0;
		};
/* End PBXFrameworksBuildPhase section */

/* Begin PBXGroup section */
		411965DD250E63B1006F6D00 = {
			isa = PBXGroup;
			children = (
				411965E8250E63B1006F6D00 /* GridSwiftUI */,
				411965E7250E63B1006F6D00 /* Products */,
			);
			sourceTree = "<group>";
		};
		411965E7250E63B1006F6D00 /* Products */ = {
			isa = PBXGroup;
			children = (
				411965E6250E63B1006F6D00 /* GridSwiftUI.app */,
			);
			name = Products;
			sourceTree = "<group>";
		};
		411965E8250E63B1006F6D00 /* GridSwiftUI */ = {
			isa = PBXGroup;
			children = (
				411965FF250F4045006F6D00 /* New Group */,
				411965E9250E63B1006F6D00 /* AppDelegate.swift */,
				411965EB250E63B1006F6D00 /* SceneDelegate.swift */,
				411965ED250E63B1006F6D00 /* ContentView.swift */,
				411965EF250E63B4006F6D00 /* Assets.xcassets */,
				411965F4250E63B4006F6D00 /* LaunchScreen.storyboard */,
				411965F7250E63B4006F6D00 /* Info.plist */,
				411965F1250E63B4006F6D00 /* Preview Content */,
			);
			path = GridSwiftUI;
			sourceTree = "<group>";
		};
		411965F1250E63B4006F6D00 /* Preview Content */ = {
			isa = PBXGroup;
			children = (
				411965F2250E63B4006F6D00 /* Preview Assets.xcassets */,
			);
			path = "Preview Content";
			sourceTree = "<group>";
		};
		411965FF250F4045006F6D00 /* New Group */ = {
			isa = PBXGroup;
			children = (
				41196600250F4097006F6D00 /* Array+Extensions.swift */,
			);
			path = "New Group";
			sourceTree = "<group>";
		};
/* End PBXGroup section */

/* Begin PBXNativeTarget section */
		411965E5250E63B1006F6D00 /* GridSwiftUI */ = {
			isa = PBXNativeTarget;
			buildConfigurationList = 411965FA250E63B4006F6D00 /* Build configuration list for PBXNativeTarget "GridSwiftUI" */;
			buildPhases = (
				411965E2250E63B1006F6D00 /* Sources */,
				411965E3250E63B1006F6D00 /* Frameworks */,
				411965E4250E63B1006F6D00 /* Resources */,
			);
			buildRules = (
			);
			dependencies = (
			);
			name = GridSwiftUI;
			productName = GridSwiftUI;
			productReference = 411965E6250E63B1006F6D00 /* GridSwiftUI.app */;
			productType = "com.apple.product-type.application";
		};
/* End PBXNativeTarget section */

/* Begin PBXProject section */
		411965DE250E63B1006F6D00 /* Project object */ = {
			isa = PBXProject;
			attributes = {
				LastSwiftUpdateCheck = 1160;
				LastUpgradeCheck = 1160;
				ORGANIZATIONNAME = "Muhammat Rasid Ridho";
				TargetAttributes = {
					411965E5250E63B1006F6D00 = {
						CreatedOnToolsVersion = 11.6;
					};
				};
			};
			buildConfigurationList = 411965E1250E63B1006F6D00 /* Build configuration list for PBXProject "GridSwiftUI" */;
			compatibilityVersion = "Xcode 9.3";
			developmentRegion = en;
			hasScannedForEncodings = 0;
			knownRegions = (
				en,
				Base,
			);
			mainGroup = 411965DD250E63B1006F6D00;
			productRefGroup = 411965E7250E63B1006F6D00 /* Products */;
			projectDirPath = "";
			projectRoot = "";
			targets = (
				411965E5250E63B1006F6D00 /* GridSwiftUI */,
			);
		};
/* End PBXProject section */

/* Begin PBXResourcesBuildPhase section */
		411965E4250E63B1006F6D00 /* Resources */ = {
			isa = PBXResourcesBuildPhase;
			buildActionMask = 2147483647;
			files = (
				411965F6250E63B4006F6D00 /* LaunchScreen.storyboard in Resources */,
				411965F3250E63B4006F6D00 /* Preview Assets.xcassets in Resources */,
				411965F0250E63B4006F6D00 /* Assets.xcassets in Resources */,
			);
			runOnlyForDeploymentPostprocessing = 0;
		};
/* End PBXResourcesBuildPhase section */

/* Begin PBXSourcesBuildPhase section */
		411965E2250E63B1006F6D00 /* Sources */ = {
			isa = PBXSourcesBuildPhase;
			buildActionMask = 2147483647;
			files = (
				411965EA250E63B1006F6D00 /* AppDelegate.swift in Sources */,
				411965EC250E63B1006F6D00 /* SceneDelegate.swift in Sources */,
				411965EE250E63B1006F6D00 /* ContentView.swift in Sources */,
				41196601250F4097006F6D00 /* Array+Extensions.swift in Sources */,
			);
			runOnlyForDeploymentPostprocessing = 0;
		};
/* End PBXSourcesBuildPhase section */

/* Begin PBXVariantGroup section */
		411965F4250E63B4006F6D00 /* LaunchScreen.storyboard */ = {
			isa = PBXVariantGroup;
			children = (
				411965F5250E63B4006F6D00 /* Base */,
			);
			name = LaunchScreen.storyboard;
			sourceTree = "<group>";
		};
/* End PBXVariantGroup section */

/* Begin XCBuildConfiguration section */
		411965F8250E63B4006F6D00 /* Debug */ = {
			isa = XCBuildConfiguration;
			buildSettings = {
				ALWAYS_SEARCH_USER_PATHS = NO;
				CLANG_ANALYZER_NONNULL = YES;
				CLANG_ANALYZER_NUMBER_OBJECT_CONVERSION = YES_AGGRESSIVE;
				CLANG_CXX_LANGUAGE_STANDARD = "gnu++14";
				CLANG_CXX_LIBRARY = "libc++";
				CLANG_ENABLE_MODULES = YES;
				CLANG_ENABLE_OBJC_ARC = YES;
				CLANG_ENABLE_OBJC_WEAK = YES;
				CLANG_WARN_BLOCK_CAPTURE_AUTORELEASING = YES;
				CLANG_WARN_BOOL_CONVERSION = YES;
				CLANG_WARN_COMMA = YES;
				CLANG_WARN_CONSTANT_CONVERSION = YES;
				CLANG_WARN_DEPRECATED_OBJC_IMPLEMENTATIONS = YES;
				CLANG_WARN_DIRECT_OBJC_ISA_USAGE = YES_ERROR;
				CLANG_WARN_DOCUMENTATION_COMMENTS = YES;
				CLANG_WARN_EMPTY_BODY = YES;
				CLANG_WARN_ENUM_CONVERSION = YES;
				CLANG_WARN_INFINITE_RECURSION = YES;
				CLANG_WARN_INT_CONVERSION = YES;
				CLANG_WARN_NON_LITERAL_NULL_CONVERSION = YES;
				CLANG_WARN_OBJC_IMPLICIT_RETAIN_SELF = YES;
				CLANG_WARN_OBJC_LITERAL_CONVERSION = YES;
				CLANG_WARN_OBJC_ROOT_CLASS = YES_ERROR;
				CLANG_WARN_RANGE_LOOP_ANALYSIS = YES;
				CLANG_WARN_STRICT_PROTOTYPES = YES;
				CLANG_WARN_SUSPICIOUS_MOVE = YES;
				CLANG_WARN_UNGUARDED_AVAILABILITY = YES_AGGRESSIVE;
				CLANG_WARN_UNREACHABLE_CODE = YES;
				CLANG_WARN__DUPLICATE_METHOD_MATCH = YES;
				COPY_PHASE_STRIP = NO;
				DEBUG_INFORMATION_FORMAT = dwarf;
				ENABLE_STRICT_OBJC_MSGSEND = YES;
				ENABLE_TESTABILITY = YES;
				GCC_C_LANGUAGE_STANDARD = gnu11;
				GCC_DYNAMIC_NO_PIC = NO;
				GCC_NO_COMMON_BLOCKS = YES;
				GCC_OPTIMIZATION_LEVEL = 0;
				GCC_PREPROCESSOR_DEFINITIONS = (
					"DEBUG=1",
					"$(inherited)",
				);
				GCC_WARN_64_TO_32_BIT_CONVERSION = YES;
				GCC_WARN_ABOUT_RETURN_TYPE = YES_ERROR;
				GCC_WARN_UNDECLARED_SELECTOR = YES;
				GCC_WARN_UNINITIALIZED_AUTOS = YES_AGGRESSIVE;
				GCC_WARN_UNUSED_FUNCTION = YES;
				GCC_WARN_UNUSED_VARIABLE = YES;
				IPHONEOS_DEPLOYMENT_TARGET = 13.6;
				MTL_ENABLE_DEBUG_INFO = INCLUDE_SOURCE;
				MTL_FAST_MATH = YES;
				ONLY_ACTIVE_ARCH = YES;
				SDKROOT = iphoneos;
				SWIFT_ACTIVE_COMPILATION_CONDITIONS = DEBUG;
				SWIFT_OPTIMIZATION_LEVEL = "-Onone";
			};
			name = Debug;
		};
		411965F9250E63B4006F6D00 /* Release */ = {
			isa = XCBuildConfiguration;
			buildSettings = {
				ALWAYS_SEARCH_USER_PATHS = NO;
				CLANG_ANALYZER_NONNULL = YES;
				CLANG_ANALYZER_NUMBER_OBJECT_CONVERSION = YES_AGGRESSIVE;
				CLANG_CXX_LANGUAGE_STANDARD = "gnu++14";
				CLANG_CXX_LIBRARY = "libc++";
				CLANG_ENABLE_MODULES = YES;
				CLANG_ENABLE_OBJC_ARC = YES;
				CLANG_ENABLE_OBJC_WEAK = YES;
				CLANG_WARN_BLOCK_CAPTURE_AUTORELEASING = YES;
				CLANG_WARN_BOOL_CONVERSION = YES;
				CLANG_WARN_COMMA = YES;
				CLANG_WARN_CONSTANT_CONVERSION = YES;
				CLANG_WARN_DEPRECATED_OBJC_IMPLEMENTATIONS = YES;
				CLANG_WARN_DIRECT_OBJC_ISA_USAGE = YES_ERROR;
				CLANG_WARN_DOCUMENTATION_COMMENTS = YES;
				CLANG_WARN_EMPTY_BODY = YES;
				CLANG_WARN_ENUM_CONVERSION = YES;
				CLANG_WARN_INFINITE_RECURSION = YES;
				CLANG_WARN_INT_CONVERSION = YES;
				CLANG_WARN_NON_LITERAL_NULL_CONVERSION = YES;
				CLANG_WARN_OBJC_IMPLICIT_RETAIN_SELF = YES;
				CLANG_WARN_OBJC_LITERAL_CONVERSION = YES;
				CLANG_WARN_OBJC_ROOT_CLASS = YES_ERROR;
				CLANG_WARN_RANGE_LOOP_ANALYSIS = YES;
				CLANG_WARN_STRICT_PROTOTYPES = YES;
				CLANG_WARN_SUSPICIOUS_MOVE = YES;
				CLANG_WARN_UNGUARDED_AVAILABILITY = YES_AGGRESSIVE;
				CLANG_WARN_UNREACHABLE_CODE = YES;
				CLANG_WARN__DUPLICATE_METHOD_MATCH = YES;
				COPY_PHASE_STRIP = NO;
				DEBUG_INFORMATION_FORMAT = "dwarf-with-dsym";
				ENABLE_NS_ASSERTIONS = NO;
				ENABLE_STRICT_OBJC_MSGSEND = YES;
				GCC_C_LANGUAGE_STANDARD = gnu11;
				GCC_NO_COMMON_BLOCKS = YES;
				GCC_WARN_64_TO_32_BIT_CONVERSION = YES;
				GCC_WARN_ABOUT_RETURN_TYPE = YES_ERROR;
				GCC_WARN_UNDECLARED_SELECTOR = YES;
				GCC_WARN_UNINITIALIZED_AUTOS = YES_AGGRESSIVE;
				GCC_WARN_UNUSED_FUNCTION = YES;
				GCC_WARN_UNUSED_VARIABLE = YES;
				IPHONEOS_DEPLOYMENT_TARGET = 13.6;
				MTL_ENABLE_DEBUG_INFO = NO;
				MTL_FAST_MATH = YES;
				SDKROOT = iphoneos;
				SWIFT_COMPILATION_MODE = wholemodule;
				SWIFT_OPTIMIZATION_LEVEL = "-O";
				VALIDATE_PRODUCT = YES;
			};
			name = Release;
		};
		411965FB250E63B4006F6D00 /* Debug */ = {
			isa = XCBuildConfiguration;
			buildSettings = {
				ASSETCATALOG_COMPILER_APPICON_NAME = AppIcon;
				CODE_SIGN_STYLE = Automatic;
				DEVELOPMENT_ASSET_PATHS = "\"GridSwiftUI/Preview Content\"";
				DEVELOPMENT_TEAM = LJT498N8G9;
				ENABLE_PREVIEWS = YES;
				INFOPLIST_FILE = GridSwiftUI/Info.plist;
				LD_RUNPATH_SEARCH_PATHS = (
					"$(inherited)",
					"@executable_path/Frameworks",
				);
				PRODUCT_BUNDLE_IDENTIFIER = id.pintar.GridSwiftUI;
				PRODUCT_NAME = "$(TARGET_NAME)";
				SWIFT_VERSION = 5.0;
				TARGETED_DEVICE_FAMILY = "1,2";
			};
			name = Debug;
		};
		411965FC250E63B4006F6D00 /* Release */ = {
			isa = XCBuildConfiguration;
			buildSettings = {
				ASSETCATALOG_COMPILER_APPICON_NAME = AppIcon;
				CODE_SIGN_STYLE = Automatic;
				DEVELOPMENT_ASSET_PATHS = "\"GridSwiftUI/Preview Content\"";
				DEVELOPMENT_TEAM = LJT498N8G9;
				ENABLE_PREVIEWS = YES;
				INFOPLIST_FILE = GridSwiftUI/Info.plist;
				LD_RUNPATH_SEARCH_PATHS = (
					"$(inherited)",
					"@executable_path/Frameworks",
				);
				PRODUCT_BUNDLE_IDENTIFIER = id.pintar.GridSwiftUI;
				PRODUCT_NAME = "$(TARGET_NAME)";
				SWIFT_VERSION = 5.0;
				TARGETED_DEVICE_FAMILY = "1,2";
			};
			name = Release;
		};
/* End XCBuildConfiguration section */

/* Begin XCConfigurationList section */
		411965E1250E63B1006F6D00 /* Build configuration list for PBXProject "GridSwiftUI" */ = {
			isa = XCConfigurationList;
			buildConfigurations = (
				411965F8250E63B4006F6D00 /* Debug */,
				411965F9250E63B4006F6D00 /* Release */,
			);
			defaultConfigurationIsVisible = 0;
			defaultConfigurationName = Release;
		};
		411965FA250E63B4006F6D00 /* Build configuration list for PBXNativeTarget "GridSwiftUI" */ = {
			isa = XCConfigurationList;
			buildConfigurations = (
				411965FB250E63B4006F6D00 /* Debug */,
				411965FC250E63B4006F6D00 /* Release */,
			);
			defaultConfigurationIsVisible = 0;
			defaultConfigurationName = Release;
		};
/* End XCConfigurationList section */
	};
	rootObject = 411965DE250E63B1006F6D00 /* Project object */;
}
